// !$*UTF8*$!
{
	archiveVersion = 1;
	classes = {
	};
	objectVersion = 46;
	objects = {

/* Begin PBXBuildFile section */
		5888240D1AA448720047F426 /* main.m in Sources */ = {isa = PBXBuildFile; fileRef = 5888240C1AA448720047F426 /* main.m */; };
		588824101AA448720047F426 /* AppDelegate.m in Sources */ = {isa = PBXBuildFile; fileRef = 5888240F1AA448720047F426 /* AppDelegate.m */; };
		588824131AA448720047F426 /* ViewController.m in Sources */ = {isa = PBXBuildFile; fileRef = 588824121AA448720047F426 /* ViewController.m */; };
		588824161AA448720047F426 /* Main.storyboard in Resources */ = {isa = PBXBuildFile; fileRef = 588824141AA448720047F426 /* Main.storyboard */; };
		588824181AA448720047F426 /* Images.xcassets in Resources */ = {isa = PBXBuildFile; fileRef = 588824171AA448720047F426 /* Images.xcassets */; };
		5888241B1AA448720047F426 /* LaunchScreen.xib in Resources */ = {isa = PBXBuildFile; fileRef = 588824191AA448720047F426 /* LaunchScreen.xib */; };
		588824271AA448730047F426 /* JobosTests.m in Sources */ = {isa = PBXBuildFile; fileRef = 588824261AA448730047F426 /* JobosTests.m */; };
/* End PBXBuildFile section */

/* Begin PBXContainerItemProxy section */
		588824211AA448730047F426 /* PBXContainerItemProxy */ = {
			isa = PBXContainerItemProxy;
			containerPortal = 588823FF1AA448720047F426 /* Project object */;
			proxyType = 1;
			remoteGlobalIDString = 588824061AA448720047F426;
			remoteInfo = Jobos;
		};
/* End PBXContainerItemProxy section */

/* Begin PBXFileReference section */
		588824071AA448720047F426 /* Jobos.app */ = {isa = PBXFileReference; explicitFileType = wrapper.application; includeInIndex = 0; path = Jobos.app; sourceTree = BUILT_PRODUCTS_DIR; };
		5888240B1AA448720047F426 /* Info.plist */ = {isa = PBXFileReference; lastKnownFileType = text.plist.xml; path = Info.plist; sourceTree = "<group>"; };
		5888240C1AA448720047F426 /* main.m */ = {isa = PBXFileReference; lastKnownFileType = sourcecode.c.objc; path = main.m; sourceTree = "<group>"; };
		5888240E1AA448720047F426 /* AppDelegate.h */ = {isa = PBXFileReference; lastKnownFileType = sourcecode.c.h; path = AppDelegate.h; sourceTree = "<group>"; };
		5888240F1AA448720047F426 /* AppDelegate.m */ = {isa = PBXFileReference; lastKnownFileType = sourcecode.c.objc; path = AppDelegate.m; sourceTree = "<group>"; };
		588824111AA448720047F426 /* ViewController.h */ = {isa = PBXFileReference; lastKnownFileType = sourcecode.c.h; path = ViewController.h; sourceTree = "<group>"; };
		588824121AA448720047F426 /* ViewController.m */ = {isa = PBXFileReference; lastKnownFileType = sourcecode.c.objc; path = ViewController.m; sourceTree = "<group>"; };
		588824151AA448720047F426 /* Base */ = {isa = PBXFileReference; lastKnownFileType = file.storyboard; name = Base; path = Base.lproj/Main.storyboard; sourceTree = "<group>"; };
		588824171AA448720047F426 /* Images.xcassets */ = {isa = PBXFileReference; lastKnownFileType = folder.assetcatalog; path = Images.xcassets; sourceTree = "<group>"; };
		5888241A1AA448720047F426 /* Base */ = {isa = PBXFileReference; lastKnownFileType = file.xib; name = Base; path = Base.lproj/LaunchScreen.xib; sourceTree = "<group>"; };
		588824201AA448730047F426 /* JobosTests.xctest */ = {isa = PBXFileReference; explicitFileType = wrapper.cfbundle; includeInIndex = 0; path = JobosTests.xctest; sourceTree = BUILT_PRODUCTS_DIR; };
		588824251AA448730047F426 /* Info.plist */ = {isa = PBXFileReference; lastKnownFileType = text.plist.xml; path = Info.plist; sourceTree = "<group>"; };
		588824261AA448730047F426 /* JobosTests.m */ = {isa = PBXFileReference; lastKnownFileType = sourcecode.c.objc; path = JobosTests.m; sourceTree = "<group>"; };
/* End PBXFileReference section */

/* Begin PBXFrameworksBuildPhase section */
		588824041AA448720047F426 /* Frameworks */ = {
			isa = PBXFrameworksBuildPhase;
			buildActionMask = 2147483647;
			files = (
			);
			runOnlyForDeploymentPostprocessing = 0;
		};
		5888241D1AA448730047F426 /* Frameworks */ = {
			isa = PBXFrameworksBuildPhase;
			buildActionMask = 2147483647;
			files = (
			);
			runOnlyForDeploymentPostprocessing = 0;
		};
/* End PBXFrameworksBuildPhase section */

/* Begin PBXGroup section */
		588823FE1AA448720047F426 = {
			isa = PBXGroup;
			children = (
				588824091AA448720047F426 /* Jobos */,
				588824231AA448730047F426 /* JobosTests */,
				588824081AA448720047F426 /* Products */,
			);
			sourceTree = "<group>";
		};
		588824081AA448720047F426 /* Products */ = {
			isa = PBXGroup;
			children = (
				588824071AA448720047F426 /* Jobos.app */,
				588824201AA448730047F426 /* JobosTests.xctest */,
			);
			name = Products;
			sourceTree = "<group>";
		};
		588824091AA448720047F426 /* Jobos */ = {
			isa = PBXGroup;
			children = (
				5888240E1AA448720047F426 /* AppDelegate.h */,
				5888240F1AA448720047F426 /* AppDelegate.m */,
				588824111AA448720047F426 /* ViewController.h */,
				588824121AA448720047F426 /* ViewController.m */,
				588824141AA448720047F426 /* Main.storyboard */,
				588824171AA448720047F426 /* Images.xcassets */,
				588824191AA448720047F426 /* LaunchScreen.xib */,
				5888240A1AA448720047F426 /* Supporting Files */,
			);
			path = Jobos;
			sourceTree = "<group>";
		};
		5888240A1AA448720047F426 /* Supporting Files */ = {
			isa = PBXGroup;
			children = (
				5888240B1AA448720047F426 /* Info.plist */,
				5888240C1AA448720047F426 /* main.m */,
			);
			name = "Supporting Files";
			sourceTree = "<group>";
		};
		588824231AA448730047F426 /* JobosTests */ = {
			isa = PBXGroup;
			children = (
				588824261AA448730047F426 /* JobosTests.m */,
				588824241AA448730047F426 /* Supporting Files */,
			);
			path = JobosTests;
			sourceTree = "<group>";
		};
		588824241AA448730047F426 /* Supporting Files */ = {
			isa = PBXGroup;
			children = (
				588824251AA448730047F426 /* Info.plist */,
			);
			name = "Supporting Files";
			sourceTree = "<group>";
		};
/* End PBXGroup section */

/* Begin PBXNativeTarget section */
		588824061AA448720047F426 /* Jobos */ = {
			isa = PBXNativeTarget;
			buildConfigurationList = 5888242A1AA448730047F426 /* Build configuration list for PBXNativeTarget "Jobos" */;
			buildPhases = (
				588824031AA448720047F426 /* Sources */,
				588824041AA448720047F426 /* Frameworks */,
				588824051AA448720047F426 /* Resources */,
			);
			buildRules = (
			);
			dependencies = (
			);
			name = Jobos;
			productName = Jobos;
			productReference = 588824071AA448720047F426 /* Jobos.app */;
			productType = "com.apple.product-type.application";
		};
		5888241F1AA448730047F426 /* JobosTests */ = {
			isa = PBXNativeTarget;
			buildConfigurationList = 5888242D1AA448730047F426 /* Build configuration list for PBXNativeTarget "JobosTests" */;
			buildPhases = (
				5888241C1AA448730047F426 /* Sources */,
				5888241D1AA448730047F426 /* Frameworks */,
				5888241E1AA448730047F426 /* Resources */,
			);
			buildRules = (
			);
			dependencies = (
				588824221AA448730047F426 /* PBXTargetDependency */,
			);
			name = JobosTests;
			productName = JobosTests;
			productReference = 588824201AA448730047F426 /* JobosTests.xctest */;
			productType = "com.apple.product-type.bundle.unit-test";
		};
/* End PBXNativeTarget section */

/* Begin PBXProject section */
		588823FF1AA448720047F426 /* Project object */ = {
			isa = PBXProject;
			attributes = {
				LastUpgradeCheck = 0610;
				ORGANIZATIONNAME = DJIBRILKEITA;
				TargetAttributes = {
					588824061AA448720047F426 = {
						CreatedOnToolsVersion = 6.1.1;
					};
					5888241F1AA448730047F426 = {
						CreatedOnToolsVersion = 6.1.1;
						TestTargetID = 588824061AA448720047F426;
					};
				};
			};
			buildConfigurationList = 588824021AA448720047F426 /* Build configuration list for PBXProject "Jobos" */;
			compatibilityVersion = "Xcode 3.2";
			developmentRegion = English;
			hasScannedForEncodings = 0;
			knownRegions = (
				en,
				Base,
			);
			mainGroup = 588823FE1AA448720047F426;
			productRefGroup = 588824081AA448720047F426 /* Products */;
			projectDirPath = "";
			projectRoot = "";
			targets = (
				588824061AA448720047F426 /* Jobos */,
				5888241F1AA448730047F426 /* JobosTests */,
			);
		};
/* End PBXProject section */

/* Begin PBXResourcesBuildPhase section */
		588824051AA448720047F426 /* Resources */ = {
			isa = PBXResourcesBuildPhase;
			buildActionMask = 2147483647;
			files = (
				588824161AA448720047F426 /* Main.storyboard in Resources */,
				5888241B1AA448720047F426 /* LaunchScreen.xib in Resources */,
				588824181AA448720047F426 /* Images.xcassets in Resources */,
			);
			runOnlyForDeploymentPostprocessing = 0;
		};
		5888241E1AA448730047F426 /* Resources */ = {
			isa = PBXResourcesBuildPhase;
			buildActionMask = 2147483647;
			files = (
			);
			runOnlyForDeploymentPostprocessing = 0;
		};
/* End PBXResourcesBuildPhase section */

/* Begin PBXSourcesBuildPhase section */
		588824031AA448720047F426 /* Sources */ = {
			isa = PBXSourcesBuildPhase;
			buildActionMask = 2147483647;
			files = (
				588824131AA448720047F426 /* ViewController.m in Sources */,
				588824101AA448720047F426 /* AppDelegate.m in Sources */,
				5888240D1AA448720047F426 /* main.m in Sources */,
			);
			runOnlyForDeploymentPostprocessing = 0;
		};
		5888241C1AA448730047F426 /* Sources */ = {
			isa = PBXSourcesBuildPhase;
			buildActionMask = 2147483647;
			files = (
				588824271AA448730047F426 /* JobosTests.m in Sources */,
			);
			runOnlyForDeploymentPostprocessing = 0;
		};
/* End PBXSourcesBuildPhase section */

/* Begin PBXTargetDependency section */
		588824221AA448730047F426 /* PBXTargetDependency */ = {
			isa = PBXTargetDependency;
			target = 588824061AA448720047F426 /* Jobos */;
			targetProxy = 588824211AA448730047F426 /* PBXContainerItemProxy */;
		};
/* End PBXTargetDependency section */

/* Begin PBXVariantGroup section */
		588824141AA448720047F426 /* Main.storyboard */ = {
			isa = PBXVariantGroup;
			children = (
				588824151AA448720047F426 /* Base */,
			);
			name = Main.storyboard;
			sourceTree = "<group>";
		};
		588824191AA448720047F426 /* LaunchScreen.xib */ = {
			isa = PBXVariantGroup;
			children = (
				5888241A1AA448720047F426 /* Base */,
			);
			name = LaunchScreen.xib;
			sourceTree = "<group>";
		};
/* End PBXVariantGroup section */

/* Begin XCBuildConfiguration section */
		588824281AA448730047F426 /* Debug */ = {
			isa = XCBuildConfiguration;
			buildSettings = {
				ALWAYS_SEARCH_USER_PATHS = NO;
				CLANG_CXX_LANGUAGE_STANDARD = "gnu++0x";
				CLANG_CXX_LIBRARY = "libc++";
				CLANG_ENABLE_MODULES = YES;
				CLANG_ENABLE_OBJC_ARC = YES;
				CLANG_WARN_BOOL_CONVERSION = YES;
				CLANG_WARN_CONSTANT_CONVERSION = YES;
				CLANG_WARN_DIRECT_OBJC_ISA_USAGE = YES_ERROR;
				CLANG_WARN_EMPTY_BODY = YES;
				CLANG_WARN_ENUM_CONVERSION = YES;
				CLANG_WARN_INT_CONVERSION = YES;
				CLANG_WARN_OBJC_ROOT_CLASS = YES_ERROR;
				CLANG_WARN_UNREACHABLE_CODE = YES;
				CLANG_WARN__DUPLICATE_METHOD_MATCH = YES;
				"CODE_SIGN_IDENTITY[sdk=iphoneos*]" = "iPhone Developer";
				COPY_PHASE_STRIP = NO;
				ENABLE_STRICT_OBJC_MSGSEND = YES;
				GCC_C_LANGUAGE_STANDARD = gnu99;
				GCC_DYNAMIC_NO_PIC = NO;
				GCC_OPTIMIZATION_LEVEL = 0;
				GCC_PREPROCESSOR_DEFINITIONS = (
					"DEBUG=1",
					"$(inherited)",
				);
				GCC_SYMBOLS_PRIVATE_EXTERN = NO;
				GCC_WARN_64_TO_32_BIT_CONVERSION = YES;
				GCC_WARN_ABOUT_RETURN_TYPE = YES_ERROR;
				GCC_WARN_UNDECLARED_SELECTOR = YES;
				GCC_WARN_UNINITIALIZED_AUTOS = YES_AGGRESSIVE;
				GCC_WARN_UNUSED_FUNCTION = YES;
				GCC_WARN_UNUSED_VARIABLE = YES;
				IPHONEOS_DEPLOYMENT_TARGET = 8.1;
				MTL_ENABLE_DEBUG_INFO = YES;
				ONLY_ACTIVE_ARCH = YES;
				SDKROOT = iphoneos;
			};
			name = Debug;
		};
		588824291AA448730047F426 /* Release */ = {
			isa = XCBuildConfiguration;
			buildSettings = {
				ALWAYS_SEARCH_USER_PATHS = NO;
				CLANG_CXX_LANGUAGE_STANDARD = "gnu++0x";
				CLANG_CXX_LIBRARY = "libc++";
				CLANG_ENABLE_MODULES = YES;
				CLANG_ENABLE_OBJC_ARC = YES;
				CLANG_WARN_BOOL_CONVERSION = YES;
				CLANG_WARN_CONSTANT_CONVERSION = YES;
				CLANG_WARN_DIRECT_OBJC_ISA_USAGE = YES_ERROR;
				CLANG_WARN_EMPTY_BODY = YES;
				CLANG_WARN_ENUM_CONVERSION = YES;
				CLANG_WARN_INT_CONVERSION = YES;
				CLANG_WARN_OBJC_ROOT_CLASS = YES_ERROR;
				CLANG_WARN_UNREACHABLE_CODE = YES;
				CLANG_WARN__DUPLICATE_METHOD_MATCH = YES;
				"CODE_SIGN_IDENTITY[sdk=iphoneos*]" = "iPhone Developer";
				COPY_PHASE_STRIP = YES;
				ENABLE_NS_ASSERTIONS = NO;
				ENABLE_STRICT_OBJC_MSGSEND = YES;
				GCC_C_LANGUAGE_STANDARD = gnu99;
				GCC_WARN_64_TO_32_BIT_CONVERSION = YES;
				GCC_WARN_ABOUT_RETURN_TYPE = YES_ERROR;
				GCC_WARN_UNDECLARED_SELECTOR = YES;
				GCC_WARN_UNINITIALIZED_AUTOS = YES_AGGRESSIVE;
				GCC_WARN_UNUSED_FUNCTION = YES;
				GCC_WARN_UNUSED_VARIABLE = YES;
				IPHONEOS_DEPLOYMENT_TARGET = 8.1;
				MTL_ENABLE_DEBUG_INFO = NO;
				SDKROOT = iphoneos;
				VALIDATE_PRODUCT = YES;
			};
			name = Release;
		};
		5888242B1AA448730047F426 /* Debug */ = {
			isa = XCBuildConfiguration;
			buildSettings = {
				ASSETCATALOG_COMPILER_APPICON_NAME = AppIcon;
				INFOPLIST_FILE = Jobos/Info.plist;
				LD_RUNPATH_SEARCH_PATHS = "$(inherited) @executable_path/Frameworks";
				PRODUCT_NAME = "$(TARGET_NAME)";
			};
			name = Debug;
		};
		5888242C1AA448730047F426 /* Release */ = {
			isa = XCBuildConfiguration;
			buildSettings = {
				ASSETCATALOG_COMPILER_APPICON_NAME = AppIcon;
				INFOPLIST_FILE = Jobos/Info.plist;
				LD_RUNPATH_SEARCH_PATHS = "$(inherited) @executable_path/Frameworks";
				PRODUCT_NAME = "$(TARGET_NAME)";
			};
			name = Release;
		};
		5888242E1AA448730047F426 /* Debug */ = {
			isa = XCBuildConfiguration;
			buildSettings = {
				BUNDLE_LOADER = "$(TEST_HOST)";
				FRAMEWORK_SEARCH_PATHS = (
					"$(SDKROOT)/Developer/Library/Frameworks",
					"$(inherited)",
				);
				GCC_PREPROCESSOR_DEFINITIONS = (
					"DEBUG=1",
					"$(inherited)",
				);
				INFOPLIST_FILE = JobosTests/Info.plist;
				LD_RUNPATH_SEARCH_PATHS = "$(inherited) @executable_path/Frameworks @loader_path/Frameworks";
				PRODUCT_NAME = "$(TARGET_NAME)";
				TEST_HOST = "$(BUILT_PRODUCTS_DIR)/Jobos.app/Jobos";
			};
			name = Debug;
		};
		5888242F1AA448730047F426 /* Release */ = {
			isa = XCBuildConfiguration;
			buildSettings = {
				BUNDLE_LOADER = "$(TEST_HOST)";
				FRAMEWORK_SEARCH_PATHS = (
					"$(SDKROOT)/Developer/Library/Frameworks",
					"$(inherited)",
				);
				INFOPLIST_FILE = JobosTests/Info.plist;
				LD_RUNPATH_SEARCH_PATHS = "$(inherited) @executable_path/Frameworks @loader_path/Frameworks";
				PRODUCT_NAME = "$(TARGET_NAME)";
				TEST_HOST = "$(BUILT_PRODUCTS_DIR)/Jobos.app/Jobos";
			};
			name = Release;
		};
/* End XCBuildConfiguration section */

/* Begin XCConfigurationList section */
		588824021AA448720047F426 /* Build configuration list for PBXProject "Jobos" */ = {
			isa = XCConfigurationList;
			buildConfigurations = (
				588824281AA448730047F426 /* Debug */,
				588824291AA448730047F426 /* Release */,
			);
			defaultConfigurationIsVisible = 0;
			defaultConfigurationName = Release;
		};
		5888242A1AA448730047F426 /* Build configuration list for PBXNativeTarget "Jobos" */ = {
			isa = XCConfigurationList;
			buildConfigurations = (
				5888242B1AA448730047F426 /* Debug */,
				5888242C1AA448730047F426 /* Release */,
			);
			defaultConfigurationIsVisible = 0;
		};
		5888242D1AA448730047F426 /* Build configuration list for PBXNativeTarget "JobosTests" */ = {
			isa = XCConfigurationList;
			buildConfigurations = (
				5888242E1AA448730047F426 /* Debug */,
				5888242F1AA448730047F426 /* Release */,
			);
			defaultConfigurationIsVisible = 0;
		};
/* End XCConfigurationList section */
	};
	rootObject = 588823FF1AA448720047F426 /* Project object */;
}
